
Microsoft Visual Studio Solution File, Format Version 12.00
# Visual Studio Version 17
VisualStudioVersion = 17.0.31903.59
MinimumVisualStudioVersion = 10.0.40219.1
Project("{2150E333-8FDC-42A3-9474-1A3956D46DE8}") = "src", "src", "{827E0CD3-B72D-47B6-A68D-7590B98EB39B}"
EndProject
Project("{2150E333-8FDC-42A3-9474-1A3956D46DE8}") = "Shared", "Shared", "{C8E42992-5E42-0C2B-DBFE-AA848D06431C}"
EndProject
Project("{FAE04EC0-301F-11D3-BF4B-00C04F79EFBC}") = "Shared.Domain", "src\Shared\Shared.Domain\Shared.Domain.csproj", "{DCD77669-F942-4E36-936B-6A22A365C1FC}"
EndProject
Project("{FAE04EC0-301F-11D3-BF4B-00C04F79EFBC}") = "Shared.Infrastructure", "src\Shared\Shared.Infrastructure\Shared.Infrastructure.csproj", "{D0954728-1ADA-49F3-A875-BC63C1682DCC}"
EndProject
Project("{FAE04EC0-301F-11D3-BF4B-00C04F79EFBC}") = "Gateway", "src\Gateway\Gateway.csproj", "{2CF7C5F8-3224-4011-9836-71133892C315}"
EndProject
Project("{FAE04EC0-301F-11D3-BF4B-00C04F79EFBC}") = "AuthService.API", "src\AuthService\AuthService.API\AuthService.API.csproj", "{05A794FD-47BC-4B96-9B18-C2F75D39DAA7}"
EndProject
Project("{FAE04EC0-301F-11D3-BF4B-00C04F79EFBC}") = "AuthService.Application", "src\AuthService\AuthService.Application\AuthService.Application.csproj", "{94DEE822-9AE8-49F9-A0D1-8577D70383BE}"
EndProject
Project("{FAE04EC0-301F-11D3-BF4B-00C04F79EFBC}") = "AuthService.Domain", "src\AuthService\AuthService.Domain\AuthService.Domain.csproj", "{6DD6D984-582E-42F6-8C9A-FB329AE237B3}"
EndProject
Project("{FAE04EC0-301F-11D3-BF4B-00C04F79EFBC}") = "AuthService.Infrastructure", "src\AuthService\AuthService.Infrastructure\AuthService.Infrastructure.csproj", "{6257896B-9FAF-445E-983D-2D590AC583A3}"
EndProject
Project("{FAE04EC0-301F-11D3-BF4B-00C04F79EFBC}") = "ProductService.API", "src\ProductService\ProductService.API\ProductService.API.csproj", "{99F41258-541F-46A0-B17C-503088888C9E}"
EndProject
Project("{FAE04EC0-301F-11D3-BF4B-00C04F79EFBC}") = "ProductService.Application", "src\ProductService\ProductService.Application\ProductService.Application.csproj", "{D225850A-6ECA-414F-B630-6B42B45C12E5}"
EndProject
Project("{FAE04EC0-301F-11D3-BF4B-00C04F79EFBC}") = "ProductService.Domain", "src\ProductService\ProductService.Domain\ProductService.Domain.csproj", "{7DFECD47-C57C-4E88-AD6A-4459C0574D25}"
EndProject
Project("{FAE04EC0-301F-11D3-BF4B-00C04F79EFBC}") = "ProductService.Infrastructure", "src\ProductService\ProductService.Infrastructure\ProductService.Infrastructure.csproj", "{8874C429-5E39-479C-A7F6-6B7ED491EE96}"
EndProject
Project("{FAE04EC0-301F-11D3-BF4B-00C04F79EFBC}") = "LogService.API", "src\LogService\LogService.API\LogService.API.csproj", "{FF54E5BC-1F47-4CD2-B687-DAAB0A2A3F4C}"
EndProject
Project("{FAE04EC0-301F-11D3-BF4B-00C04F79EFBC}") = "LogService.Application", "src\LogService\LogService.Application\LogService.Application.csproj", "{93381E25-73B3-4855-B516-1C5C2CAD9FBC}"
EndProject
Project("{FAE04EC0-301F-11D3-BF4B-00C04F79EFBC}") = "LogService.Domain", "src\LogService\LogService.Domain\LogService.Domain.csproj", "{23631EA9-8985-4A29-8DDF-325656F7D28A}"
EndProject
Project("{FAE04EC0-301F-11D3-BF4B-00C04F79EFBC}") = "LogService.Infrastructure", "src\LogService\LogService.Infrastructure\LogService.Infrastructure.csproj", "{495B86AF-B95C-415B-98B0-2843CE8C7556}"
EndProject
Project("{FAE04EC0-301F-11D3-BF4B-00C04F79EFBC}") = "AuthService.Tests", "tests\AuthService.Tests\AuthService.Tests.csproj", "{EBDAB701-DA36-4C86-BC89-836CC9F27D45}"
EndProject
Project("{FAE04EC0-301F-11D3-BF4B-00C04F79EFBC}") = "ProductService.Tests", "tests\ProductService.Tests\ProductService.Tests.csproj", "{3C1EADAF-076B-4B88-AE4E-5FFCFA08ED6A}"
EndProject
Project("{FAE04EC0-301F-11D3-BF4B-00C04F79EFBC}") = "LogService.Tests", "tests\LogService.Tests\LogService.Tests.csproj", "{45D43980-7428-4664-B230-FAA7E551ABA4}"
EndProject
Global
	GlobalSection(SolutionConfigurationPlatforms) = preSolution
		Debug|Any CPU = Debug|Any CPU
		Debug|x64 = Debug|x64
		Debug|x86 = Debug|x86
		Release|Any CPU = Release|Any CPU
		Release|x64 = Release|x64
		Release|x86 = Release|x86
	EndGlobalSection
	GlobalSection(ProjectConfigurationPlatforms) = postSolution
		{DCD77669-F942-4E36-936B-6A22A365C1FC}.Debug|Any CPU.ActiveCfg = Debug|Any CPU
		{DCD77669-F942-4E36-936B-6A22A365C1FC}.Debug|Any CPU.Build.0 = Debug|Any CPU
		{DCD77669-F942-4E36-936B-6A22A365C1FC}.Debug|x64.ActiveCfg = Debug|Any CPU
		{DCD77669-F942-4E36-936B-6A22A365C1FC}.Debug|x64.Build.0 = Debug|Any CPU
		{DCD77669-F942-4E36-936B-6A22A365C1FC}.Debug|x86.ActiveCfg = Debug|Any CPU
		{DCD77669-F942-4E36-936B-6A22A365C1FC}.Debug|x86.Build.0 = Debug|Any CPU
		{DCD77669-F942-4E36-936B-6A22A365C1FC}.Release|Any CPU.ActiveCfg = Release|Any CPU
		{DCD77669-F942-4E36-936B-6A22A365C1FC}.Release|Any CPU.Build.0 = Release|Any CPU
		{DCD77669-F942-4E36-936B-6A22A365C1FC}.Release|x64.ActiveCfg = Release|Any CPU
		{DCD77669-F942-4E36-936B-6A22A365C1FC}.Release|x64.Build.0 = Release|Any CPU
		{DCD77669-F942-4E36-936B-6A22A365C1FC}.Release|x86.ActiveCfg = Release|Any CPU
		{DCD77669-F942-4E36-936B-6A22A365C1FC}.Release|x86.Build.0 = Release|Any CPU
		{D0954728-1ADA-49F3-A875-BC63C1682DCC}.Debug|Any CPU.ActiveCfg = Debug|Any CPU
		{D0954728-1ADA-49F3-A875-BC63C1682DCC}.Debug|Any CPU.Build.0 = Debug|Any CPU
		{D0954728-1ADA-49F3-A875-BC63C1682DCC}.Debug|x64.ActiveCfg = Debug|Any CPU
		{D0954728-1ADA-49F3-A875-BC63C1682DCC}.Debug|x64.Build.0 = Debug|Any CPU
		{D0954728-1ADA-49F3-A875-BC63C1682DCC}.Debug|x86.ActiveCfg = Debug|Any CPU
		{D0954728-1ADA-49F3-A875-BC63C1682DCC}.Debug|x86.Build.0 = Debug|Any CPU
		{D0954728-1ADA-49F3-A875-BC63C1682DCC}.Release|Any CPU.ActiveCfg = Release|Any CPU
		{D0954728-1ADA-49F3-A875-BC63C1682DCC}.Release|Any CPU.Build.0 = Release|Any CPU
		{D0954728-1ADA-49F3-A875-BC63C1682DCC}.Release|x64.ActiveCfg = Release|Any CPU
		{D0954728-1ADA-49F3-A875-BC63C1682DCC}.Release|x64.Build.0 = Release|Any CPU
		{D0954728-1ADA-49F3-A875-BC63C1682DCC}.Release|x86.ActiveCfg = Release|Any CPU
		{D0954728-1ADA-49F3-A875-BC63C1682DCC}.Release|x86.Build.0 = Release|Any CPU
		{2CF7C5F8-3224-4011-9836-71133892C315}.Debug|Any CPU.ActiveCfg = Debug|Any CPU
		{2CF7C5F8-3224-4011-9836-71133892C315}.Debug|Any CPU.Build.0 = Debug|Any CPU
		{2CF7C5F8-3224-4011-9836-71133892C315}.Debug|x64.ActiveCfg = Debug|Any CPU
		{2CF7C5F8-3224-4011-9836-71133892C315}.Debug|x64.Build.0 = Debug|Any CPU
		{2CF7C5F8-3224-4011-9836-71133892C315}.Debug|x86.ActiveCfg = Debug|Any CPU
		{2CF7C5F8-3224-4011-9836-71133892C315}.Debug|x86.Build.0 = Debug|Any CPU
		{2CF7C5F8-3224-4011-9836-71133892C315}.Release|Any CPU.ActiveCfg = Release|Any CPU
		{2CF7C5F8-3224-4011-9836-71133892C315}.Release|Any CPU.Build.0 = Release|Any CPU
		{2CF7C5F8-3224-4011-9836-71133892C315}.Release|x64.ActiveCfg = Release|Any CPU
		{2CF7C5F8-3224-4011-9836-71133892C315}.Release|x64.Build.0 = Release|Any CPU
		{2CF7C5F8-3224-4011-9836-71133892C315}.Release|x86.ActiveCfg = Release|Any CPU
		{2CF7C5F8-3224-4011-9836-71133892C315}.Release|x86.Build.0 = Release|Any CPU
		{05A794FD-47BC-4B96-9B18-C2F75D39DAA7}.Debug|Any CPU.ActiveCfg = Debug|Any CPU
		{05A794FD-47BC-4B96-9B18-C2F75D39DAA7}.Debug|Any CPU.Build.0 = Debug|Any CPU
		{05A794FD-47BC-4B96-9B18-C2F75D39DAA7}.Debug|x64.ActiveCfg = Debug|Any CPU
		{05A794FD-47BC-4B96-9B18-C2F75D39DAA7}.Debug|x64.Build.0 = Debug|Any CPU
		{05A794FD-47BC-4B96-9B18-C2F75D39DAA7}.Debug|x86.ActiveCfg = Debug|Any CPU
		{05A794FD-47BC-4B96-9B18-C2F75D39DAA7}.Debug|x86.Build.0 = Debug|Any CPU
		{05A794FD-47BC-4B96-9B18-C2F75D39DAA7}.Release|Any CPU.ActiveCfg = Release|Any CPU
		{05A794FD-47BC-4B96-9B18-C2F75D39DAA7}.Release|Any CPU.Build.0 = Release|Any CPU
		{05A794FD-47BC-4B96-9B18-C2F75D39DAA7}.Release|x64.ActiveCfg = Release|Any CPU
		{05A794FD-47BC-4B96-9B18-C2F75D39DAA7}.Release|x64.Build.0 = Release|Any CPU
		{05A794FD-47BC-4B96-9B18-C2F75D39DAA7}.Release|x86.ActiveCfg = Release|Any CPU
		{05A794FD-47BC-4B96-9B18-C2F75D39DAA7}.Release|x86.Build.0 = Release|Any CPU
		{94DEE822-9AE8-49F9-A0D1-8577D70383BE}.Debug|Any CPU.ActiveCfg = Debug|Any CPU
		{94DEE822-9AE8-49F9-A0D1-8577D70383BE}.Debug|Any CPU.Build.0 = Debug|Any CPU
		{94DEE822-9AE8-49F9-A0D1-8577D70383BE}.Debug|x64.ActiveCfg = Debug|Any CPU
		{94DEE822-9AE8-49F9-A0D1-8577D70383BE}.Debug|x64.Build.0 = Debug|Any CPU
		{94DEE822-9AE8-49F9-A0D1-8577D70383BE}.Debug|x86.ActiveCfg = Debug|Any CPU
		{94DEE822-9AE8-49F9-A0D1-8577D70383BE}.Debug|x86.Build.0 = Debug|Any CPU
		{94DEE822-9AE8-49F9-A0D1-8577D70383BE}.Release|Any CPU.ActiveCfg = Release|Any CPU
		{94DEE822-9AE8-49F9-A0D1-8577D70383BE}.Release|Any CPU.Build.0 = Release|Any CPU
		{94DEE822-9AE8-49F9-A0D1-8577D70383BE}.Release|x64.ActiveCfg = Release|Any CPU
		{94DEE822-9AE8-49F9-A0D1-8577D70383BE}.Release|x64.Build.0 = Release|Any CPU
		{94DEE822-9AE8-49F9-A0D1-8577D70383BE}.Release|x86.ActiveCfg = Release|Any CPU
		{94DEE822-9AE8-49F9-A0D1-8577D70383BE}.Release|x86.Build.0 = Release|Any CPU
		{6DD6D984-582E-42F6-8C9A-FB329AE237B3}.Debug|Any CPU.ActiveCfg = Debug|Any CPU
		{6DD6D984-582E-42F6-8C9A-FB329AE237B3}.Debug|Any CPU.Build.0 = Debug|Any CPU
		{6DD6D984-582E-42F6-8C9A-FB329AE237B3}.Debug|x64.ActiveCfg = Debug|Any CPU
		{6DD6D984-582E-42F6-8C9A-FB329AE237B3}.Debug|x64.Build.0 = Debug|Any CPU
		{6DD6D984-582E-42F6-8C9A-FB329AE237B3}.Debug|x86.ActiveCfg = Debug|Any CPU
		{6DD6D984-582E-42F6-8C9A-FB329AE237B3}.Debug|x86.Build.0 = Debug|Any CPU
		{6DD6D984-582E-42F6-8C9A-FB329AE237B3}.Release|Any CPU.ActiveCfg = Release|Any CPU
		{6DD6D984-582E-42F6-8C9A-FB329AE237B3}.Release|Any CPU.Build.0 = Release|Any CPU
		{6DD6D984-582E-42F6-8C9A-FB329AE237B3}.Release|x64.ActiveCfg = Release|Any CPU
		{6DD6D984-582E-42F6-8C9A-FB329AE237B3}.Release|x64.Build.0 = Release|Any CPU
		{6DD6D984-582E-42F6-8C9A-FB329AE237B3}.Release|x86.ActiveCfg = Release|Any CPU
		{6DD6D984-582E-42F6-8C9A-FB329AE237B3}.Release|x86.Build.0 = Release|Any CPU
		{6257896B-9FAF-445E-983D-2D590AC583A3}.Debug|Any CPU.ActiveCfg = Debug|Any CPU
		{6257896B-9FAF-445E-983D-2D590AC583A3}.Debug|Any CPU.Build.0 = Debug|Any CPU
		{6257896B-9FAF-445E-983D-2D590AC583A3}.Debug|x64.ActiveCfg = Debug|Any CPU
		{6257896B-9FAF-445E-983D-2D590AC583A3}.Debug|x64.Build.0 = Debug|Any CPU
		{6257896B-9FAF-445E-983D-2D590AC583A3}.Debug|x86.ActiveCfg = Debug|Any CPU
		{6257896B-9FAF-445E-983D-2D590AC583A3}.Debug|x86.Build.0 = Debug|Any CPU
		{6257896B-9FAF-445E-983D-2D590AC583A3}.Release|Any CPU.ActiveCfg = Release|Any CPU
		{6257896B-9FAF-445E-983D-2D590AC583A3}.Release|Any CPU.Build.0 = Release|Any CPU
		{6257896B-9FAF-445E-983D-2D590AC583A3}.Release|x64.ActiveCfg = Release|Any CPU
		{6257896B-9FAF-445E-983D-2D590AC583A3}.Release|x64.Build.0 = Release|Any CPU
		{6257896B-9FAF-445E-983D-2D590AC583A3}.Release|x86.ActiveCfg = Release|Any CPU
		{6257896B-9FAF-445E-983D-2D590AC583A3}.Release|x86.Build.0 = Release|Any CPU
		{99F41258-541F-46A0-B17C-503088888C9E}.Debug|Any CPU.ActiveCfg = Debug|Any CPU
		{99F41258-541F-46A0-B17C-503088888C9E}.Debug|Any CPU.Build.0 = Debug|Any CPU
		{99F41258-541F-46A0-B17C-503088888C9E}.Debug|x64.ActiveCfg = Debug|Any CPU
		{99F41258-541F-46A0-B17C-503088888C9E}.Debug|x64.Build.0 = Debug|Any CPU
		{99F41258-541F-46A0-B17C-503088888C9E}.Debug|x86.ActiveCfg = Debug|Any CPU
		{99F41258-541F-46A0-B17C-503088888C9E}.Debug|x86.Build.0 = Debug|Any CPU
		{99F41258-541F-46A0-B17C-503088888C9E}.Release|Any CPU.ActiveCfg = Release|Any CPU
		{99F41258-541F-46A0-B17C-503088888C9E}.Release|Any CPU.Build.0 = Release|Any CPU
		{99F41258-541F-46A0-B17C-503088888C9E}.Release|x64.ActiveCfg = Release|Any CPU
		{99F41258-541F-46A0-B17C-503088888C9E}.Release|x64.Build.0 = Release|Any CPU
		{99F41258-541F-46A0-B17C-503088888C9E}.Release|x86.ActiveCfg = Release|Any CPU
		{99F41258-541F-46A0-B17C-503088888C9E}.Release|x86.Build.0 = Release|Any CPU
		{D225850A-6ECA-414F-B630-6B42B45C12E5}.Debug|Any CPU.ActiveCfg = Debug|Any CPU
		{D225850A-6ECA-414F-B630-6B42B45C12E5}.Debug|Any CPU.Build.0 = Debug|Any CPU
		{D225850A-6ECA-414F-B630-6B42B45C12E5}.Debug|x64.ActiveCfg = Debug|Any CPU
		{D225850A-6ECA-414F-B630-6B42B45C12E5}.Debug|x64.Build.0 = Debug|Any CPU
		{D225850A-6ECA-414F-B630-6B42B45C12E5}.Debug|x86.ActiveCfg = Debug|Any CPU
		{D225850A-6ECA-414F-B630-6B42B45C12E5}.Debug|x86.Build.0 = Debug|Any CPU
		{D225850A-6ECA-414F-B630-6B42B45C12E5}.Release|Any CPU.ActiveCfg = Release|Any CPU
		{D225850A-6ECA-414F-B630-6B42B45C12E5}.Release|Any CPU.Build.0 = Release|Any CPU
		{D225850A-6ECA-414F-B630-6B42B45C12E5}.Release|x64.ActiveCfg = Release|Any CPU
		{D225850A-6ECA-414F-B630-6B42B45C12E5}.Release|x64.Build.0 = Release|Any CPU
		{D225850A-6ECA-414F-B630-6B42B45C12E5}.Release|x86.ActiveCfg = Release|Any CPU
		{D225850A-6ECA-414F-B630-6B42B45C12E5}.Release|x86.Build.0 = Release|Any CPU
		{7DFECD47-C57C-4E88-AD6A-4459C0574D25}.Debug|Any CPU.ActiveCfg = Debug|Any CPU
		{7DFECD47-C57C-4E88-AD6A-4459C0574D25}.Debug|Any CPU.Build.0 = Debug|Any CPU
		{7DFECD47-C57C-4E88-AD6A-4459C0574D25}.Debug|x64.ActiveCfg = Debug|Any CPU
		{7DFECD47-C57C-4E88-AD6A-4459C0574D25}.Debug|x64.Build.0 = Debug|Any CPU
		{7DFECD47-C57C-4E88-AD6A-4459C0574D25}.Debug|x86.ActiveCfg = Debug|Any CPU
		{7DFECD47-C57C-4E88-AD6A-4459C0574D25}.Debug|x86.Build.0 = Debug|Any CPU
		{7DFECD47-C57C-4E88-AD6A-4459C0574D25}.Release|Any CPU.ActiveCfg = Release|Any CPU
		{7DFECD47-C57C-4E88-AD6A-4459C0574D25}.Release|Any CPU.Build.0 = Release|Any CPU
		{7DFECD47-C57C-4E88-AD6A-4459C0574D25}.Release|x64.ActiveCfg = Release|Any CPU
		{7DFECD47-C57C-4E88-AD6A-4459C0574D25}.Release|x64.Build.0 = Release|Any CPU
		{7DFECD47-C57C-4E88-AD6A-4459C0574D25}.Release|x86.ActiveCfg = Release|Any CPU
		{7DFECD47-C57C-4E88-AD6A-4459C0574D25}.Release|x86.Build.0 = Release|Any CPU
		{8874C429-5E39-479C-A7F6-6B7ED491EE96}.Debug|Any CPU.ActiveCfg = Debug|Any CPU
		{8874C429-5E39-479C-A7F6-6B7ED491EE96}.Debug|Any CPU.Build.0 = Debug|Any CPU
		{8874C429-5E39-479C-A7F6-6B7ED491EE96}.Debug|x64.ActiveCfg = Debug|Any CPU
		{8874C429-5E39-479C-A7F6-6B7ED491EE96}.Debug|x64.Build.0 = Debug|Any CPU
		{8874C429-5E39-479C-A7F6-6B7ED491EE96}.Debug|x86.ActiveCfg = Debug|Any CPU
		{8874C429-5E39-479C-A7F6-6B7ED491EE96}.Debug|x86.Build.0 = Debug|Any CPU
		{8874C429-5E39-479C-A7F6-6B7ED491EE96}.Release|Any CPU.ActiveCfg = Release|Any CPU
		{8874C429-5E39-479C-A7F6-6B7ED491EE96}.Release|Any CPU.Build.0 = Release|Any CPU
		{8874C429-5E39-479C-A7F6-6B7ED491EE96}.Release|x64.ActiveCfg = Release|Any CPU
		{8874C429-5E39-479C-A7F6-6B7ED491EE96}.Release|x64.Build.0 = Release|Any CPU
		{8874C429-5E39-479C-A7F6-6B7ED491EE96}.Release|x86.ActiveCfg = Release|Any CPU
		{8874C429-5E39-479C-A7F6-6B7ED491EE96}.Release|x86.Build.0 = Release|Any CPU
		{FF54E5BC-1F47-4CD2-B687-DAAB0A2A3F4C}.Debug|Any CPU.ActiveCfg = Debug|Any CPU
		{FF54E5BC-1F47-4CD2-B687-DAAB0A2A3F4C}.Debug|Any CPU.Build.0 = Debug|Any CPU
		{FF54E5BC-1F47-4CD2-B687-DAAB0A2A3F4C}.Debug|x64.ActiveCfg = Debug|Any CPU
		{FF54E5BC-1F47-4CD2-B687-DAAB0A2A3F4C}.Debug|x64.Build.0 = Debug|Any CPU
		{FF54E5BC-1F47-4CD2-B687-DAAB0A2A3F4C}.Debug|x86.ActiveCfg = Debug|Any CPU
		{FF54E5BC-1F47-4CD2-B687-DAAB0A2A3F4C}.Debug|x86.Build.0 = Debug|Any CPU
		{FF54E5BC-1F47-4CD2-B687-DAAB0A2A3F4C}.Release|Any CPU.ActiveCfg = Release|Any CPU
		{FF54E5BC-1F47-4CD2-B687-DAAB0A2A3F4C}.Release|Any CPU.Build.0 = Release|Any CPU
		{FF54E5BC-1F47-4CD2-B687-DAAB0A2A3F4C}.Release|x64.ActiveCfg = Release|Any CPU
		{FF54E5BC-1F47-4CD2-B687-DAAB0A2A3F4C}.Release|x64.Build.0 = Release|Any CPU
		{FF54E5BC-1F47-4CD2-B687-DAAB0A2A3F4C}.Release|x86.ActiveCfg = Release|Any CPU
		{FF54E5BC-1F47-4CD2-B687-DAAB0A2A3F4C}.Release|x86.Build.0 = Release|Any CPU
		{93381E25-73B3-4855-B516-1C5C2CAD9FBC}.Debug|Any CPU.ActiveCfg = Debug|Any CPU
		{93381E25-73B3-4855-B516-1C5C2CAD9FBC}.Debug|Any CPU.Build.0 = Debug|Any CPU
		{93381E25-73B3-4855-B516-1C5C2CAD9FBC}.Debug|x64.ActiveCfg = Debug|Any CPU
		{93381E25-73B3-4855-B516-1C5C2CAD9FBC}.Debug|x64.Build.0 = Debug|Any CPU
		{93381E25-73B3-4855-B516-1C5C2CAD9FBC}.Debug|x86.ActiveCfg = Debug|Any CPU
		{93381E25-73B3-4855-B516-1C5C2CAD9FBC}.Debug|x86.Build.0 = Debug|Any CPU
		{93381E25-73B3-4855-B516-1C5C2CAD9FBC}.Release|Any CPU.ActiveCfg = Release|Any CPU
		{93381E25-73B3-4855-B516-1C5C2CAD9FBC}.Release|Any CPU.Build.0 = Release|Any CPU
		{93381E25-73B3-4855-B516-1C5C2CAD9FBC}.Release|x64.ActiveCfg = Release|Any CPU
		{93381E25-73B3-4855-B516-1C5C2CAD9FBC}.Release|x64.Build.0 = Release|Any CPU
		{93381E25-73B3-4855-B516-1C5C2CAD9FBC}.Release|x86.ActiveCfg = Release|Any CPU
		{93381E25-73B3-4855-B516-1C5C2CAD9FBC}.Release|x86.Build.0 = Release|Any CPU
		{23631EA9-8985-4A29-8DDF-325656F7D28A}.Debug|Any CPU.ActiveCfg = Debug|Any CPU
		{23631EA9-8985-4A29-8DDF-325656F7D28A}.Debug|Any CPU.Build.0 = Debug|Any CPU
		{23631EA9-8985-4A29-8DDF-325656F7D28A}.Debug|x64.ActiveCfg = Debug|Any CPU
		{23631EA9-8985-4A29-8DDF-325656F7D28A}.Debug|x64.Build.0 = Debug|Any CPU
		{23631EA9-8985-4A29-8DDF-325656F7D28A}.Debug|x86.ActiveCfg = Debug|Any CPU
		{23631EA9-8985-4A29-8DDF-325656F7D28A}.Debug|x86.Build.0 = Debug|Any CPU
		{23631EA9-8985-4A29-8DDF-325656F7D28A}.Release|Any CPU.ActiveCfg = Release|Any CPU
		{23631EA9-8985-4A29-8DDF-325656F7D28A}.Release|Any CPU.Build.0 = Release|Any CPU
		{23631EA9-8985-4A29-8DDF-325656F7D28A}.Release|x64.ActiveCfg = Release|Any CPU
		{23631EA9-8985-4A29-8DDF-325656F7D28A}.Release|x64.Build.0 = Release|Any CPU
		{23631EA9-8985-4A29-8DDF-325656F7D28A}.Release|x86.ActiveCfg = Release|Any CPU
		{23631EA9-8985-4A29-8DDF-325656F7D28A}.Release|x86.Build.0 = Release|Any CPU
		{495B86AF-B95C-415B-98B0-2843CE8C7556}.Debug|Any CPU.ActiveCfg = Debug|Any CPU
		{495B86AF-B95C-415B-98B0-2843CE8C7556}.Debug|Any CPU.Build.0 = Debug|Any CPU
		{495B86AF-B95C-415B-98B0-2843CE8C7556}.Debug|x64.ActiveCfg = Debug|Any CPU
		{495B86AF-B95C-415B-98B0-2843CE8C7556}.Debug|x64.Build.0 = Debug|Any CPU
		{495B86AF-B95C-415B-98B0-2843CE8C7556}.Debug|x86.ActiveCfg = Debug|Any CPU
		{495B86AF-B95C-415B-98B0-2843CE8C7556}.Debug|x86.Build.0 = Debug|Any CPU
		{495B86AF-B95C-415B-98B0-2843CE8C7556}.Release|Any CPU.ActiveCfg = Release|Any CPU
		{495B86AF-B95C-415B-98B0-2843CE8C7556}.Release|Any CPU.Build.0 = Release|Any CPU
		{495B86AF-B95C-415B-98B0-2843CE8C7556}.Release|x64.ActiveCfg = Release|Any CPU
		{495B86AF-B95C-415B-98B0-2843CE8C7556}.Release|x64.Build.0 = Release|Any CPU
		{495B86AF-B95C-415B-98B0-2843CE8C7556}.Release|x86.ActiveCfg = Release|Any CPU
		{495B86AF-B95C-415B-98B0-2843CE8C7556}.Release|x86.Build.0 = Release|Any CPU
		{EBDAB701-DA36-4C86-BC89-836CC9F27D45}.Debug|Any CPU.ActiveCfg = Debug|Any CPU
		{EBDAB701-DA36-4C86-BC89-836CC9F27D45}.Debug|Any CPU.Build.0 = Debug|Any CPU
		{EBDAB701-DA36-4C86-BC89-836CC9F27D45}.Debug|x64.ActiveCfg = Debug|Any CPU
		{EBDAB701-DA36-4C86-BC89-836CC9F27D45}.Debug|x64.Build.0 = Debug|Any CPU
		{EBDAB701-DA36-4C86-BC89-836CC9F27D45}.Debug|x86.ActiveCfg = Debug|Any CPU
		{EBDAB701-DA36-4C86-BC89-836CC9F27D45}.Debug|x86.Build.0 = Debug|Any CPU
		{EBDAB701-DA36-4C86-BC89-836CC9F27D45}.Release|Any CPU.ActiveCfg = Release|Any CPU
		{EBDAB701-DA36-4C86-BC89-836CC9F27D45}.Release|Any CPU.Build.0 = Release|Any CPU
		{EBDAB701-DA36-4C86-BC89-836CC9F27D45}.Release|x64.ActiveCfg = Release|Any CPU
		{EBDAB701-DA36-4C86-BC89-836CC9F27D45}.Release|x64.Build.0 = Release|Any CPU
		{EBDAB701-DA36-4C86-BC89-836CC9F27D45}.Release|x86.ActiveCfg = Release|Any CPU
		{EBDAB701-DA36-4C86-BC89-836CC9F27D45}.Release|x86.Build.0 = Release|Any CPU
		{3C1EADAF-076B-4B88-AE4E-5FFCFA08ED6A}.Debug|Any CPU.ActiveCfg = Debug|Any CPU
		{3C1EADAF-076B-4B88-AE4E-5FFCFA08ED6A}.Debug|Any CPU.Build.0 = Debug|Any CPU
		{3C1EADAF-076B-4B88-AE4E-5FFCFA08ED6A}.Debug|x64.ActiveCfg = Debug|Any CPU
		{3C1EADAF-076B-4B88-AE4E-5FFCFA08ED6A}.Debug|x64.Build.0 = Debug|Any CPU
		{3C1EADAF-076B-4B88-AE4E-5FFCFA08ED6A}.Debug|x86.ActiveCfg = Debug|Any CPU
		{3C1EADAF-076B-4B88-AE4E-5FFCFA08ED6A}.Debug|x86.Build.0 = Debug|Any CPU
		{3C1EADAF-076B-4B88-AE4E-5FFCFA08ED6A}.Release|Any CPU.ActiveCfg = Release|Any CPU
		{3C1EADAF-076B-4B88-AE4E-5FFCFA08ED6A}.Release|Any CPU.Build.0 = Release|Any CPU
		{3C1EADAF-076B-4B88-AE4E-5FFCFA08ED6A}.Release|x64.ActiveCfg = Release|Any CPU
		{3C1EADAF-076B-4B88-AE4E-5FFCFA08ED6A}.Release|x64.Build.0 = Release|Any CPU
		{3C1EADAF-076B-4B88-AE4E-5FFCFA08ED6A}.Release|x86.ActiveCfg = Release|Any CPU
		{3C1EADAF-076B-4B88-AE4E-5FFCFA08ED6A}.Release|x86.Build.0 = Release|Any CPU
		{45D43980-7428-4664-B230-FAA7E551ABA4}.Debug|Any CPU.ActiveCfg = Debug|Any CPU
		{45D43980-7428-4664-B230-FAA7E551ABA4}.Debug|Any CPU.Build.0 = Debug|Any CPU
		{45D43980-7428-4664-B230-FAA7E551ABA4}.Debug|x64.ActiveCfg = Debug|Any CPU
		{45D43980-7428-4664-B230-FAA7E551ABA4}.Debug|x64.Build.0 = Debug|Any CPU
		{45D43980-7428-4664-B230-FAA7E551ABA4}.Debug|x86.ActiveCfg = Debug|Any CPU
		{45D43980-7428-4664-B230-FAA7E551ABA4}.Debug|x86.Build.0 = Debug|Any CPU
		{45D43980-7428-4664-B230-FAA7E551ABA4}.Release|Any CPU.ActiveCfg = Release|Any CPU
		{45D43980-7428-4664-B230-FAA7E551ABA4}.Release|Any CPU.Build.0 = Release|Any CPU
		{45D43980-7428-4664-B230-FAA7E551ABA4}.Release|x64.ActiveCfg = Release|Any CPU
		{45D43980-7428-4664-B230-FAA7E551ABA4}.Release|x64.Build.0 = Release|Any CPU
		{45D43980-7428-4664-B230-FAA7E551ABA4}.Release|x86.ActiveCfg = Release|Any CPU
		{45D43980-7428-4664-B230-FAA7E551ABA4}.Release|x86.Build.0 = Release|Any CPU
	EndGlobalSection
	GlobalSection(SolutionProperties) = preSolution
		HideSolutionNode = FALSE
	EndGlobalSection
	GlobalSection(NestedProjects) = preSolution
		{C8E42992-5E42-0C2B-DBFE-AA848D06431C} = {827E0CD3-B72D-47B6-A68D-7590B98EB39B}
		{DCD77669-F942-4E36-936B-6A22A365C1FC} = {C8E42992-5E42-0C2B-DBFE-AA848D06431C}
		{D0954728-1ADA-49F3-A875-BC63C1682DCC} = {C8E42992-5E42-0C2B-DBFE-AA848D06431C}
		{2CF7C5F8-3224-4011-9836-71133892C315} = {C8E42992-5E42-0C2B-DBFE-AA848D06431C}
		{05A794FD-47BC-4B96-9B18-C2F75D39DAA7} = {C8E42992-5E42-0C2B-DBFE-AA848D06431C}
		{94DEE822-9AE8-49F9-A0D1-8577D70383BE} = {C8E42992-5E42-0C2B-DBFE-AA848D06431C}
		{6DD6D984-582E-42F6-8C9A-FB329AE237B3} = {C8E42992-5E42-0C2B-DBFE-AA848D06431C}
		{6257896B-9FAF-445E-983D-2D590AC583A3} = {C8E42992-5E42-0C2B-DBFE-AA848D06431C}
		{99F41258-541F-46A0-B17C-503088888C9E} = {C8E42992-5E42-0C2B-DBFE-AA848D06431C}
		{D225850A-6ECA-414F-B630-6B42B45C12E5} = {C8E42992-5E42-0C2B-DBFE-AA848D06431C}
		{7DFECD47-C57C-4E88-AD6A-4459C0574D25} = {C8E42992-5E42-0C2B-DBFE-AA848D06431C}
		{8874C429-5E39-479C-A7F6-6B7ED491EE96} = {C8E42992-5E42-0C2B-DBFE-AA848D06431C}
		{FF54E5BC-1F47-4CD2-B687-DAAB0A2A3F4C} = {C8E42992-5E42-0C2B-DBFE-AA848D06431C}
		{93381E25-73B3-4855-B516-1C5C2CAD9FBC} = {C8E42992-5E42-0C2B-DBFE-AA848D06431C}
		{23631EA9-8985-4A29-8DDF-325656F7D28A} = {C8E42992-5E42-0C2B-DBFE-AA848D06431C}
		{495B86AF-B95C-415B-98B0-2843CE8C7556} = {C8E42992-5E42-0C2B-DBFE-AA848D06431C}
		{EBDAB701-DA36-4C86-BC89-836CC9F27D45} = {C8E42992-5E42-0C2B-DBFE-AA848D06431C}
		{3C1EADAF-076B-4B88-AE4E-5FFCFA08ED6A} = {C8E42992-5E42-0C2B-DBFE-AA848D06431C}
		{45D43980-7428-4664-B230-FAA7E551ABA4} = {C8E42992-5E42-0C2B-DBFE-AA848D06431C}
	EndGlobalSection
EndGlobal
